{
  "name": "Node-Markov",
  "lockfileVersion": 2,
  "requires": true,
  "packages": {
    "": {
      "dependencies": {
        "pause-repl": "^1.0.0"
      }
    },
    "node_modules/pause-repl": {
      "version": "1.0.0",
      "resolved": "https://registry.npmjs.org/pause-repl/-/pause-repl-1.0.0.tgz",
      "integrity": "sha512-jHL/54nU9Q9oF5wzYB02p4ilw8RDJEQauRR1/EtrF5bgXZ5lzB19zRJ/ieI/ENnylHXnQtsPKmDy9obp5T2biw=="
    }
  },
  "dependencies": {
    "pause-repl": {
      "version": "1.0.0",
      "resolved": "https://registry.npmjs.org/pause-repl/-/pause-repl-1.0.0.tgz",
      "integrity": "sha512-jHL/54nU9Q9oF5wzYB02p4ilw8RDJEQauRR1/EtrF5bgXZ5lzB19zRJ/ieI/ENnylHXnQtsPKmDy9obp5T2biw=="
    }
  }
}
